// !$*UTF8*$!
{
	archiveVersion = 1;
	classes = {
	};
	objectVersion = 54;
	objects = {

/* Begin PBXBuildFile section */
		00E356F31AD99517003FC87E /* ProyectoIOTTests.m in Sources */ = {isa = PBXBuildFile; fileRef = 00E356F21AD99517003FC87E /* ProyectoIOTTests.m */; };
		13B07FBC1A68108700A75B9A /* AppDelegate.m in Sources */ = {isa = PBXBuildFile; fileRef = 13B07FB01A68108700A75B9A /* AppDelegate.m */; };
		13B07FBF1A68108700A75B9A /* Images.xcassets in Resources */ = {isa = PBXBuildFile; fileRef = 13B07FB51A68108700A75B9A /* Images.xcassets */; };
		13B07FC11A68108700A75B9A /* main.m in Sources */ = {isa = PBXBuildFile; fileRef = 13B07FB71A68108700A75B9A /* main.m */; };
		81AB9BB82411601600AC10FF /* LaunchScreen.storyboard in Resources */ = {isa = PBXBuildFile; fileRef = 81AB9BB72411601600AC10FF /* LaunchScreen.storyboard */; };
		17E22CACA3434B8DBB920514 /* AntDesign.ttf in Resources */ = {isa = PBXBuildFile; fileRef = F34673F894F44B0782F4582D /* AntDesign.ttf */; };
		CA88D578C0ED4062836A48CA /* Entypo.ttf in Resources */ = {isa = PBXBuildFile; fileRef = 0634688CD7754431B1990CD7 /* Entypo.ttf */; };
		D60AEB1E466D4ACFA1577F82 /* EvilIcons.ttf in Resources */ = {isa = PBXBuildFile; fileRef = 6F1461E1749D4E9EB6AD6CA7 /* EvilIcons.ttf */; };
		EE998060DF804D1F9EDEDD32 /* Feather.ttf in Resources */ = {isa = PBXBuildFile; fileRef = 3C341AEE49A14ED4AF0D0134 /* Feather.ttf */; };
		5B9AC51B6C9E45E9A680E5D8 /* FontAwesome.ttf in Resources */ = {isa = PBXBuildFile; fileRef = F80708A3D8C5420E81FDF7D8 /* FontAwesome.ttf */; };
		68E9DF987CFD4BA29976F680 /* FontAwesome5_Brands.ttf in Resources */ = {isa = PBXBuildFile; fileRef = 4FA54AF894EB43068AEA8377 /* FontAwesome5_Brands.ttf */; };
		F5AD1D9DF8E34C3FB2B6F4FC /* FontAwesome5_Regular.ttf in Resources */ = {isa = PBXBuildFile; fileRef = 4DBF1DC7BFAA46C29F6282F3 /* FontAwesome5_Regular.ttf */; };
		3466A50FAB3B4EC8B1F6579E /* FontAwesome5_Solid.ttf in Resources */ = {isa = PBXBuildFile; fileRef = 5D90A7D784304C159F62AEA6 /* FontAwesome5_Solid.ttf */; };
		C6B07BCE1E5F40E495FF4668 /* Fontisto.ttf in Resources */ = {isa = PBXBuildFile; fileRef = 1E7201FF4803484889948CF4 /* Fontisto.ttf */; };
		359873C8F3814418AFC396A6 /* Foundation.ttf in Resources */ = {isa = PBXBuildFile; fileRef = 9E60AF2D0EA64FDC9764B565 /* Foundation.ttf */; };
		8841E1625583497F908C5311 /* Ionicons.ttf in Resources */ = {isa = PBXBuildFile; fileRef = D944623449C14C329240FD1C /* Ionicons.ttf */; };
		BFC706DB52914E1596C58858 /* MaterialCommunityIcons.ttf in Resources */ = {isa = PBXBuildFile; fileRef = D958DDF3F15D4E55BC13964C /* MaterialCommunityIcons.ttf */; };
		D7C042D606384FE6BFB820E1 /* MaterialIcons.ttf in Resources */ = {isa = PBXBuildFile; fileRef = 398BA7A365294FF1884F677D /* MaterialIcons.ttf */; };
		2CB2F49656364FDE90E95598 /* Octicons.ttf in Resources */ = {isa = PBXBuildFile; fileRef = EA95E2FF419742DE9ABE65DE /* Octicons.ttf */; };
		4B12146D87D143C795297A10 /* SimpleLineIcons.ttf in Resources */ = {isa = PBXBuildFile; fileRef = 9FFF520ED20E4FD3B784EDE4 /* SimpleLineIcons.ttf */; };
		32EDD270175B415298E4C07B /* Zocial.ttf in Resources */ = {isa = PBXBuildFile; fileRef = 7E6EC96605B34D708F6C2BB7 /* Zocial.ttf */; };
		D6F468B70EC444058C2DFDC0 /* Metropolis-Black.otf in Resources */ = {isa = PBXBuildFile; fileRef = BD6829A542134FB5A53A95BB /* Metropolis-Black.otf */; };
		89690ABB966A4D2DB41BB1BD /* Metropolis-BlackItalic.otf in Resources */ = {isa = PBXBuildFile; fileRef = DAEB323A388B4F5DADA5C5E1 /* Metropolis-BlackItalic.otf */; };
		FAAB1BD8771C47C38086CFF0 /* Metropolis-Bold.otf in Resources */ = {isa = PBXBuildFile; fileRef = FBD789DEB0D54827A42864DB /* Metropolis-Bold.otf */; };
		0C29543516844CBDB8D53868 /* Metropolis-BoldItalic.otf in Resources */ = {isa = PBXBuildFile; fileRef = 03BE08F4D5E449999523EF1F /* Metropolis-BoldItalic.otf */; };
		F4C1990D50B54C5CB5AA9925 /* Metropolis-ExtraBold.otf in Resources */ = {isa = PBXBuildFile; fileRef = 9690094C08CB477B8636202A /* Metropolis-ExtraBold.otf */; };
		242A0F904B25477B8F106A8B /* Metropolis-ExtraBoldItalic.otf in Resources */ = {isa = PBXBuildFile; fileRef = 7C90C55B242948C5B4EBF9E0 /* Metropolis-ExtraBoldItalic.otf */; };
		6031D9C358E1428AADDA6F71 /* Metropolis-ExtraLight.otf in Resources */ = {isa = PBXBuildFile; fileRef = 20EE37CC4039430CB63A983A /* Metropolis-ExtraLight.otf */; };
		09077F667EE14053867DAB90 /* Metropolis-ExtraLightItalic.otf in Resources */ = {isa = PBXBuildFile; fileRef = 0E5878422BF549D2890391CB /* Metropolis-ExtraLightItalic.otf */; };
		584DF022FB744D92980009DB /* Metropolis-Light.otf in Resources */ = {isa = PBXBuildFile; fileRef = FFDDB40AB4A34FCD934EBA21 /* Metropolis-Light.otf */; };
		5ECB1F80C5E1481E89A3CA99 /* Metropolis-LightItalic.otf in Resources */ = {isa = PBXBuildFile; fileRef = 7C593963BE8F47438850FE9F /* Metropolis-LightItalic.otf */; };
		D07CE5812B124F07ADF7D808 /* Metropolis-Medium.otf in Resources */ = {isa = PBXBuildFile; fileRef = A0721FFA53BC4F4EA5BE2C13 /* Metropolis-Medium.otf */; };
		76642BAA639B448B8BF94CE4 /* Metropolis-MediumItalic.otf in Resources */ = {isa = PBXBuildFile; fileRef = ABD977B53E23425894773CDE /* Metropolis-MediumItalic.otf */; };
		AB724227C9124E989214D434 /* Metropolis-Regular.otf in Resources */ = {isa = PBXBuildFile; fileRef = 855364B18FB74089907362F7 /* Metropolis-Regular.otf */; };
		66D26826B7654B009D4BAA18 /* Metropolis-RegularItalic.otf in Resources */ = {isa = PBXBuildFile; fileRef = C73490EC16F547F48A9D7EE8 /* Metropolis-RegularItalic.otf */; };
		BA113C32E6D245359BC5EA0E /* Metropolis-SemiBold.otf in Resources */ = {isa = PBXBuildFile; fileRef = B92E5E092CDE461BA2124AF8 /* Metropolis-SemiBold.otf */; };
		7A7C6D0EAE9345DEAA1D712C /* Metropolis-SemiBoldItalic.otf in Resources */ = {isa = PBXBuildFile; fileRef = 512E545086364A0DBC574C7D /* Metropolis-SemiBoldItalic.otf */; };
		B4D89F532DE44DDC94DFC417 /* Metropolis-Thin.otf in Resources */ = {isa = PBXBuildFile; fileRef = 15BF4F539D814972AD5E9B30 /* Metropolis-Thin.otf */; };
		84624F6E5ACF4C4B8AD50FE6 /* Metropolis-ThinItalic.otf in Resources */ = {isa = PBXBuildFile; fileRef = B14331C6537D4421A41D1A1C /* Metropolis-ThinItalic.otf */; };
		D2542CA780C84B2CB128B58B /* Poppins-Black.otf in Resources */ = {isa = PBXBuildFile; fileRef = 4EB6DF8FAD3B429D8B34E6D5 /* Poppins-Black.otf */; };
		FA2905F684D24B598C5A4363 /* Poppins-BlackItalic.otf in Resources */ = {isa = PBXBuildFile; fileRef = 25FF6E43B14245409AF0E7D1 /* Poppins-BlackItalic.otf */; };
		269FDB82EA724C0087859BAE /* Poppins-Bold.otf in Resources */ = {isa = PBXBuildFile; fileRef = 6FD6F41FA76B4EAEB237C5A3 /* Poppins-Bold.otf */; };
		1BC93C30B72A439B84346322 /* Poppins-BoldItalic.otf in Resources */ = {isa = PBXBuildFile; fileRef = 0F740672AC7A4C95AC905324 /* Poppins-BoldItalic.otf */; };
		A625393899294F1BBBE67FD4 /* Poppins-ExtraBold.otf in Resources */ = {isa = PBXBuildFile; fileRef = EA315EF62AAA41ABA86712F5 /* Poppins-ExtraBold.otf */; };
		BBC1BD9CA29C44D2B325154F /* Poppins-ExtraBoldItalic.otf in Resources */ = {isa = PBXBuildFile; fileRef = 3DC71245C36E4953A7CA787B /* Poppins-ExtraBoldItalic.otf */; };
		46C1742C25334B8FA97F1711 /* Poppins-ExtraLight.otf in Resources */ = {isa = PBXBuildFile; fileRef = CBDC6A3087444AAA9022D80B /* Poppins-ExtraLight.otf */; };
		A3E2824A413C4F7D80EA8EAC /* Poppins-ExtraLightItalic.otf in Resources */ = {isa = PBXBuildFile; fileRef = 83387DF58D8841FA92ABC1BF /* Poppins-ExtraLightItalic.otf */; };
		06851AEF5638439783E052FC /* Poppins-Italic.otf in Resources */ = {isa = PBXBuildFile; fileRef = 6111FF2A745D43F188818D7F /* Poppins-Italic.otf */; };
		4AA960FADAED4636B14899ED /* Poppins-Light.otf in Resources */ = {isa = PBXBuildFile; fileRef = F4B66FBA9E034518AA45F973 /* Poppins-Light.otf */; };
		335C3490901C479E88B3C6F6 /* Poppins-LightItalic.otf in Resources */ = {isa = PBXBuildFile; fileRef = E9BBD1C43AF74451BB55A495 /* Poppins-LightItalic.otf */; };
		63C8721FF4474A70A7287AC4 /* Poppins-Medium.otf in Resources */ = {isa = PBXBuildFile; fileRef = 4644D34D1F694881BBF0D22D /* Poppins-Medium.otf */; };
		E626CC4BB72D4E08A3C53F6C /* Poppins-MediumItalic.otf in Resources */ = {isa = PBXBuildFile; fileRef = 38F836FBAEC348F48C2D817E /* Poppins-MediumItalic.otf */; };
		87EABE24D6A94FDEBA92996C /* Poppins-Regular.otf in Resources */ = {isa = PBXBuildFile; fileRef = 2994C12CA87A4CA4824767A7 /* Poppins-Regular.otf */; };
		E80F03477D77496EA734E186 /* Poppins-Regular2.ttf in Resources */ = {isa = PBXBuildFile; fileRef = 5E6CA2140CB2461EA5BB4C0F /* Poppins-Regular2.ttf */; };
		6BC67F754B994642A9BCAA7E /* Poppins-SemiBold.otf in Resources */ = {isa = PBXBuildFile; fileRef = 8B9CD106C3254C14B7658B16 /* Poppins-SemiBold.otf */; };
		2DD861A45B72456BA7F8C069 /* Poppins-SemiBoldItalic.otf in Resources */ = {isa = PBXBuildFile; fileRef = 0EB8EA7798404D25A31A34ED /* Poppins-SemiBoldItalic.otf */; };
		0F58E0E87F5D4E449A7F76D9 /* Poppins-Thin.otf in Resources */ = {isa = PBXBuildFile; fileRef = 5036BAE2DD284499AC445E05 /* Poppins-Thin.otf */; };
		5A133A56E1314374ADAF44A3 /* Poppins-ThinItalic.otf in Resources */ = {isa = PBXBuildFile; fileRef = AC218461F02747388E96B4DB /* Poppins-ThinItalic.otf */; };
/* End PBXBuildFile section */

/* Begin PBXContainerItemProxy section */
		00E356F41AD99517003FC87E /* PBXContainerItemProxy */ = {
			isa = PBXContainerItemProxy;
			containerPortal = 83CBB9F71A601CBA00E9B192 /* Project object */;
			proxyType = 1;
			remoteGlobalIDString = 13B07F861A680F5B00A75B9A;
			remoteInfo = ProyectoIOT;
		};
/* End PBXContainerItemProxy section */

/* Begin PBXFileReference section */
		00E356EE1AD99517003FC87E /* ProyectoIOTTests.xctest */ = {isa = PBXFileReference; explicitFileType = wrapper.cfbundle; includeInIndex = 0; path = ProyectoIOTTests.xctest; sourceTree = BUILT_PRODUCTS_DIR; };
		00E356F11AD99517003FC87E /* Info.plist */ = {isa = PBXFileReference; lastKnownFileType = text.plist.xml; path = Info.plist; sourceTree = "<group>"; };
		00E356F21AD99517003FC87E /* ProyectoIOTTests.m */ = {isa = PBXFileReference; lastKnownFileType = sourcecode.c.objc; path = ProyectoIOTTests.m; sourceTree = "<group>"; };
		13B07F961A680F5B00A75B9A /* ProyectoIOT.app */ = {isa = PBXFileReference; explicitFileType = wrapper.application; includeInIndex = 0; path = ProyectoIOT.app; sourceTree = BUILT_PRODUCTS_DIR; };
		13B07FAF1A68108700A75B9A /* AppDelegate.h */ = {isa = PBXFileReference; fileEncoding = 4; lastKnownFileType = sourcecode.c.h; name = AppDelegate.h; path = ProyectoIOT/AppDelegate.h; sourceTree = "<group>"; };
		13B07FB01A68108700A75B9A /* AppDelegate.m */ = {isa = PBXFileReference; fileEncoding = 4; lastKnownFileType = sourcecode.c.objc; name = AppDelegate.m; path = ProyectoIOT/AppDelegate.m; sourceTree = "<group>"; };
		13B07FB51A68108700A75B9A /* Images.xcassets */ = {isa = PBXFileReference; lastKnownFileType = folder.assetcatalog; name = Images.xcassets; path = ProyectoIOT/Images.xcassets; sourceTree = "<group>"; };
		13B07FB61A68108700A75B9A /* Info.plist */ = {isa = PBXFileReference; fileEncoding = 4; lastKnownFileType = text.plist.xml; name = Info.plist; path = ProyectoIOT/Info.plist; sourceTree = "<group>"; };
		13B07FB71A68108700A75B9A /* main.m */ = {isa = PBXFileReference; fileEncoding = 4; lastKnownFileType = sourcecode.c.objc; name = main.m; path = ProyectoIOT/main.m; sourceTree = "<group>"; };
		81AB9BB72411601600AC10FF /* LaunchScreen.storyboard */ = {isa = PBXFileReference; fileEncoding = 4; lastKnownFileType = file.storyboard; name = LaunchScreen.storyboard; path = ProyectoIOT/LaunchScreen.storyboard; sourceTree = "<group>"; };
		ED297162215061F000B7C4FE /* JavaScriptCore.framework */ = {isa = PBXFileReference; lastKnownFileType = wrapper.framework; name = JavaScriptCore.framework; path = System/Library/Frameworks/JavaScriptCore.framework; sourceTree = SDKROOT; };
		F34673F894F44B0782F4582D /* AntDesign.ttf */ = {isa = PBXFileReference; name = "AntDesign.ttf"; path = "../node_modules/react-native-vector-icons/Fonts/AntDesign.ttf"; sourceTree = "<group>"; fileEncoding = undefined; lastKnownFileType = unknown; explicitFileType = undefined; includeInIndex = 0; };
		0634688CD7754431B1990CD7 /* Entypo.ttf */ = {isa = PBXFileReference; name = "Entypo.ttf"; path = "../node_modules/react-native-vector-icons/Fonts/Entypo.ttf"; sourceTree = "<group>"; fileEncoding = undefined; lastKnownFileType = unknown; explicitFileType = undefined; includeInIndex = 0; };
		6F1461E1749D4E9EB6AD6CA7 /* EvilIcons.ttf */ = {isa = PBXFileReference; name = "EvilIcons.ttf"; path = "../node_modules/react-native-vector-icons/Fonts/EvilIcons.ttf"; sourceTree = "<group>"; fileEncoding = undefined; lastKnownFileType = unknown; explicitFileType = undefined; includeInIndex = 0; };
		3C341AEE49A14ED4AF0D0134 /* Feather.ttf */ = {isa = PBXFileReference; name = "Feather.ttf"; path = "../node_modules/react-native-vector-icons/Fonts/Feather.ttf"; sourceTree = "<group>"; fileEncoding = undefined; lastKnownFileType = unknown; explicitFileType = undefined; includeInIndex = 0; };
		F80708A3D8C5420E81FDF7D8 /* FontAwesome.ttf */ = {isa = PBXFileReference; name = "FontAwesome.ttf"; path = "../node_modules/react-native-vector-icons/Fonts/FontAwesome.ttf"; sourceTree = "<group>"; fileEncoding = undefined; lastKnownFileType = unknown; explicitFileType = undefined; includeInIndex = 0; };
		4FA54AF894EB43068AEA8377 /* FontAwesome5_Brands.ttf */ = {isa = PBXFileReference; name = "FontAwesome5_Brands.ttf"; path = "../node_modules/react-native-vector-icons/Fonts/FontAwesome5_Brands.ttf"; sourceTree = "<group>"; fileEncoding = undefined; lastKnownFileType = unknown; explicitFileType = undefined; includeInIndex = 0; };
		4DBF1DC7BFAA46C29F6282F3 /* FontAwesome5_Regular.ttf */ = {isa = PBXFileReference; name = "FontAwesome5_Regular.ttf"; path = "../node_modules/react-native-vector-icons/Fonts/FontAwesome5_Regular.ttf"; sourceTree = "<group>"; fileEncoding = undefined; lastKnownFileType = unknown; explicitFileType = undefined; includeInIndex = 0; };
		5D90A7D784304C159F62AEA6 /* FontAwesome5_Solid.ttf */ = {isa = PBXFileReference; name = "FontAwesome5_Solid.ttf"; path = "../node_modules/react-native-vector-icons/Fonts/FontAwesome5_Solid.ttf"; sourceTree = "<group>"; fileEncoding = undefined; lastKnownFileType = unknown; explicitFileType = undefined; includeInIndex = 0; };
		1E7201FF4803484889948CF4 /* Fontisto.ttf */ = {isa = PBXFileReference; name = "Fontisto.ttf"; path = "../node_modules/react-native-vector-icons/Fonts/Fontisto.ttf"; sourceTree = "<group>"; fileEncoding = undefined; lastKnownFileType = unknown; explicitFileType = undefined; includeInIndex = 0; };
		9E60AF2D0EA64FDC9764B565 /* Foundation.ttf */ = {isa = PBXFileReference; name = "Foundation.ttf"; path = "../node_modules/react-native-vector-icons/Fonts/Foundation.ttf"; sourceTree = "<group>"; fileEncoding = undefined; lastKnownFileType = unknown; explicitFileType = undefined; includeInIndex = 0; };
		D944623449C14C329240FD1C /* Ionicons.ttf */ = {isa = PBXFileReference; name = "Ionicons.ttf"; path = "../node_modules/react-native-vector-icons/Fonts/Ionicons.ttf"; sourceTree = "<group>"; fileEncoding = undefined; lastKnownFileType = unknown; explicitFileType = undefined; includeInIndex = 0; };
		D958DDF3F15D4E55BC13964C /* MaterialCommunityIcons.ttf */ = {isa = PBXFileReference; name = "MaterialCommunityIcons.ttf"; path = "../node_modules/react-native-vector-icons/Fonts/MaterialCommunityIcons.ttf"; sourceTree = "<group>"; fileEncoding = undefined; lastKnownFileType = unknown; explicitFileType = undefined; includeInIndex = 0; };
		398BA7A365294FF1884F677D /* MaterialIcons.ttf */ = {isa = PBXFileReference; name = "MaterialIcons.ttf"; path = "../node_modules/react-native-vector-icons/Fonts/MaterialIcons.ttf"; sourceTree = "<group>"; fileEncoding = undefined; lastKnownFileType = unknown; explicitFileType = undefined; includeInIndex = 0; };
		EA95E2FF419742DE9ABE65DE /* Octicons.ttf */ = {isa = PBXFileReference; name = "Octicons.ttf"; path = "../node_modules/react-native-vector-icons/Fonts/Octicons.ttf"; sourceTree = "<group>"; fileEncoding = undefined; lastKnownFileType = unknown; explicitFileType = undefined; includeInIndex = 0; };
		9FFF520ED20E4FD3B784EDE4 /* SimpleLineIcons.ttf */ = {isa = PBXFileReference; name = "SimpleLineIcons.ttf"; path = "../node_modules/react-native-vector-icons/Fonts/SimpleLineIcons.ttf"; sourceTree = "<group>"; fileEncoding = undefined; lastKnownFileType = unknown; explicitFileType = undefined; includeInIndex = 0; };
		7E6EC96605B34D708F6C2BB7 /* Zocial.ttf */ = {isa = PBXFileReference; name = "Zocial.ttf"; path = "../node_modules/react-native-vector-icons/Fonts/Zocial.ttf"; sourceTree = "<group>"; fileEncoding = undefined; lastKnownFileType = unknown; explicitFileType = undefined; includeInIndex = 0; };
		BD6829A542134FB5A53A95BB /* Metropolis-Black.otf */ = {isa = PBXFileReference; name = "Metropolis-Black.otf"; path = "../assets/fonts/Metropolis-Black.otf"; sourceTree = "<group>"; fileEncoding = undefined; lastKnownFileType = unknown; explicitFileType = undefined; includeInIndex = 0; };
		DAEB323A388B4F5DADA5C5E1 /* Metropolis-BlackItalic.otf */ = {isa = PBXFileReference; name = "Metropolis-BlackItalic.otf"; path = "../assets/fonts/Metropolis-BlackItalic.otf"; sourceTree = "<group>"; fileEncoding = undefined; lastKnownFileType = unknown; explicitFileType = undefined; includeInIndex = 0; };
		FBD789DEB0D54827A42864DB /* Metropolis-Bold.otf */ = {isa = PBXFileReference; name = "Metropolis-Bold.otf"; path = "../assets/fonts/Metropolis-Bold.otf"; sourceTree = "<group>"; fileEncoding = undefined; lastKnownFileType = unknown; explicitFileType = undefined; includeInIndex = 0; };
		03BE08F4D5E449999523EF1F /* Metropolis-BoldItalic.otf */ = {isa = PBXFileReference; name = "Metropolis-BoldItalic.otf"; path = "../assets/fonts/Metropolis-BoldItalic.otf"; sourceTree = "<group>"; fileEncoding = undefined; lastKnownFileType = unknown; explicitFileType = undefined; includeInIndex = 0; };
		9690094C08CB477B8636202A /* Metropolis-ExtraBold.otf */ = {isa = PBXFileReference; name = "Metropolis-ExtraBold.otf"; path = "../assets/fonts/Metropolis-ExtraBold.otf"; sourceTree = "<group>"; fileEncoding = undefined; lastKnownFileType = unknown; explicitFileType = undefined; includeInIndex = 0; };
		7C90C55B242948C5B4EBF9E0 /* Metropolis-ExtraBoldItalic.otf */ = {isa = PBXFileReference; name = "Metropolis-ExtraBoldItalic.otf"; path = "../assets/fonts/Metropolis-ExtraBoldItalic.otf"; sourceTree = "<group>"; fileEncoding = undefined; lastKnownFileType = unknown; explicitFileType = undefined; includeInIndex = 0; };
		20EE37CC4039430CB63A983A /* Metropolis-ExtraLight.otf */ = {isa = PBXFileReference; name = "Metropolis-ExtraLight.otf"; path = "../assets/fonts/Metropolis-ExtraLight.otf"; sourceTree = "<group>"; fileEncoding = undefined; lastKnownFileType = unknown; explicitFileType = undefined; includeInIndex = 0; };
		0E5878422BF549D2890391CB /* Metropolis-ExtraLightItalic.otf */ = {isa = PBXFileReference; name = "Metropolis-ExtraLightItalic.otf"; path = "../assets/fonts/Metropolis-ExtraLightItalic.otf"; sourceTree = "<group>"; fileEncoding = undefined; lastKnownFileType = unknown; explicitFileType = undefined; includeInIndex = 0; };
		FFDDB40AB4A34FCD934EBA21 /* Metropolis-Light.otf */ = {isa = PBXFileReference; name = "Metropolis-Light.otf"; path = "../assets/fonts/Metropolis-Light.otf"; sourceTree = "<group>"; fileEncoding = undefined; lastKnownFileType = unknown; explicitFileType = undefined; includeInIndex = 0; };
		7C593963BE8F47438850FE9F /* Metropolis-LightItalic.otf */ = {isa = PBXFileReference; name = "Metropolis-LightItalic.otf"; path = "../assets/fonts/Metropolis-LightItalic.otf"; sourceTree = "<group>"; fileEncoding = undefined; lastKnownFileType = unknown; explicitFileType = undefined; includeInIndex = 0; };
		A0721FFA53BC4F4EA5BE2C13 /* Metropolis-Medium.otf */ = {isa = PBXFileReference; name = "Metropolis-Medium.otf"; path = "../assets/fonts/Metropolis-Medium.otf"; sourceTree = "<group>"; fileEncoding = undefined; lastKnownFileType = unknown; explicitFileType = undefined; includeInIndex = 0; };
		ABD977B53E23425894773CDE /* Metropolis-MediumItalic.otf */ = {isa = PBXFileReference; name = "Metropolis-MediumItalic.otf"; path = "../assets/fonts/Metropolis-MediumItalic.otf"; sourceTree = "<group>"; fileEncoding = undefined; lastKnownFileType = unknown; explicitFileType = undefined; includeInIndex = 0; };
		855364B18FB74089907362F7 /* Metropolis-Regular.otf */ = {isa = PBXFileReference; name = "Metropolis-Regular.otf"; path = "../assets/fonts/Metropolis-Regular.otf"; sourceTree = "<group>"; fileEncoding = undefined; lastKnownFileType = unknown; explicitFileType = undefined; includeInIndex = 0; };
		C73490EC16F547F48A9D7EE8 /* Metropolis-RegularItalic.otf */ = {isa = PBXFileReference; name = "Metropolis-RegularItalic.otf"; path = "../assets/fonts/Metropolis-RegularItalic.otf"; sourceTree = "<group>"; fileEncoding = undefined; lastKnownFileType = unknown; explicitFileType = undefined; includeInIndex = 0; };
		B92E5E092CDE461BA2124AF8 /* Metropolis-SemiBold.otf */ = {isa = PBXFileReference; name = "Metropolis-SemiBold.otf"; path = "../assets/fonts/Metropolis-SemiBold.otf"; sourceTree = "<group>"; fileEncoding = undefined; lastKnownFileType = unknown; explicitFileType = undefined; includeInIndex = 0; };
		512E545086364A0DBC574C7D /* Metropolis-SemiBoldItalic.otf */ = {isa = PBXFileReference; name = "Metropolis-SemiBoldItalic.otf"; path = "../assets/fonts/Metropolis-SemiBoldItalic.otf"; sourceTree = "<group>"; fileEncoding = undefined; lastKnownFileType = unknown; explicitFileType = undefined; includeInIndex = 0; };
		15BF4F539D814972AD5E9B30 /* Metropolis-Thin.otf */ = {isa = PBXFileReference; name = "Metropolis-Thin.otf"; path = "../assets/fonts/Metropolis-Thin.otf"; sourceTree = "<group>"; fileEncoding = undefined; lastKnownFileType = unknown; explicitFileType = undefined; includeInIndex = 0; };
		B14331C6537D4421A41D1A1C /* Metropolis-ThinItalic.otf */ = {isa = PBXFileReference; name = "Metropolis-ThinItalic.otf"; path = "../assets/fonts/Metropolis-ThinItalic.otf"; sourceTree = "<group>"; fileEncoding = undefined; lastKnownFileType = unknown; explicitFileType = undefined; includeInIndex = 0; };
		4EB6DF8FAD3B429D8B34E6D5 /* Poppins-Black.otf */ = {isa = PBXFileReference; name = "Poppins-Black.otf"; path = "../assets/fonts/Poppins-Black.otf"; sourceTree = "<group>"; fileEncoding = undefined; lastKnownFileType = unknown; explicitFileType = undefined; includeInIndex = 0; };
		25FF6E43B14245409AF0E7D1 /* Poppins-BlackItalic.otf */ = {isa = PBXFileReference; name = "Poppins-BlackItalic.otf"; path = "../assets/fonts/Poppins-BlackItalic.otf"; sourceTree = "<group>"; fileEncoding = undefined; lastKnownFileType = unknown; explicitFileType = undefined; includeInIndex = 0; };
		6FD6F41FA76B4EAEB237C5A3 /* Poppins-Bold.otf */ = {isa = PBXFileReference; name = "Poppins-Bold.otf"; path = "../assets/fonts/Poppins-Bold.otf"; sourceTree = "<group>"; fileEncoding = undefined; lastKnownFileType = unknown; explicitFileType = undefined; includeInIndex = 0; };
		0F740672AC7A4C95AC905324 /* Poppins-BoldItalic.otf */ = {isa = PBXFileReference; name = "Poppins-BoldItalic.otf"; path = "../assets/fonts/Poppins-BoldItalic.otf"; sourceTree = "<group>"; fileEncoding = undefined; lastKnownFileType = unknown; explicitFileType = undefined; includeInIndex = 0; };
		EA315EF62AAA41ABA86712F5 /* Poppins-ExtraBold.otf */ = {isa = PBXFileReference; name = "Poppins-ExtraBold.otf"; path = "../assets/fonts/Poppins-ExtraBold.otf"; sourceTree = "<group>"; fileEncoding = undefined; lastKnownFileType = unknown; explicitFileType = undefined; includeInIndex = 0; };
		3DC71245C36E4953A7CA787B /* Poppins-ExtraBoldItalic.otf */ = {isa = PBXFileReference; name = "Poppins-ExtraBoldItalic.otf"; path = "../assets/fonts/Poppins-ExtraBoldItalic.otf"; sourceTree = "<group>"; fileEncoding = undefined; lastKnownFileType = unknown; explicitFileType = undefined; includeInIndex = 0; };
		CBDC6A3087444AAA9022D80B /* Poppins-ExtraLight.otf */ = {isa = PBXFileReference; name = "Poppins-ExtraLight.otf"; path = "../assets/fonts/Poppins-ExtraLight.otf"; sourceTree = "<group>"; fileEncoding = undefined; lastKnownFileType = unknown; explicitFileType = undefined; includeInIndex = 0; };
		83387DF58D8841FA92ABC1BF /* Poppins-ExtraLightItalic.otf */ = {isa = PBXFileReference; name = "Poppins-ExtraLightItalic.otf"; path = "../assets/fonts/Poppins-ExtraLightItalic.otf"; sourceTree = "<group>"; fileEncoding = undefined; lastKnownFileType = unknown; explicitFileType = undefined; includeInIndex = 0; };
		6111FF2A745D43F188818D7F /* Poppins-Italic.otf */ = {isa = PBXFileReference; name = "Poppins-Italic.otf"; path = "../assets/fonts/Poppins-Italic.otf"; sourceTree = "<group>"; fileEncoding = undefined; lastKnownFileType = unknown; explicitFileType = undefined; includeInIndex = 0; };
		F4B66FBA9E034518AA45F973 /* Poppins-Light.otf */ = {isa = PBXFileReference; name = "Poppins-Light.otf"; path = "../assets/fonts/Poppins-Light.otf"; sourceTree = "<group>"; fileEncoding = undefined; lastKnownFileType = unknown; explicitFileType = undefined; includeInIndex = 0; };
		E9BBD1C43AF74451BB55A495 /* Poppins-LightItalic.otf */ = {isa = PBXFileReference; name = "Poppins-LightItalic.otf"; path = "../assets/fonts/Poppins-LightItalic.otf"; sourceTree = "<group>"; fileEncoding = undefined; lastKnownFileType = unknown; explicitFileType = undefined; includeInIndex = 0; };
		4644D34D1F694881BBF0D22D /* Poppins-Medium.otf */ = {isa = PBXFileReference; name = "Poppins-Medium.otf"; path = "../assets/fonts/Poppins-Medium.otf"; sourceTree = "<group>"; fileEncoding = undefined; lastKnownFileType = unknown; explicitFileType = undefined; includeInIndex = 0; };
		38F836FBAEC348F48C2D817E /* Poppins-MediumItalic.otf */ = {isa = PBXFileReference; name = "Poppins-MediumItalic.otf"; path = "../assets/fonts/Poppins-MediumItalic.otf"; sourceTree = "<group>"; fileEncoding = undefined; lastKnownFileType = unknown; explicitFileType = undefined; includeInIndex = 0; };
		2994C12CA87A4CA4824767A7 /* Poppins-Regular.otf */ = {isa = PBXFileReference; name = "Poppins-Regular.otf"; path = "../assets/fonts/Poppins-Regular.otf"; sourceTree = "<group>"; fileEncoding = undefined; lastKnownFileType = unknown; explicitFileType = undefined; includeInIndex = 0; };
		5E6CA2140CB2461EA5BB4C0F /* Poppins-Regular2.ttf */ = {isa = PBXFileReference; name = "Poppins-Regular2.ttf"; path = "../assets/fonts/Poppins-Regular2.ttf"; sourceTree = "<group>"; fileEncoding = undefined; lastKnownFileType = unknown; explicitFileType = undefined; includeInIndex = 0; };
		8B9CD106C3254C14B7658B16 /* Poppins-SemiBold.otf */ = {isa = PBXFileReference; name = "Poppins-SemiBold.otf"; path = "../assets/fonts/Poppins-SemiBold.otf"; sourceTree = "<group>"; fileEncoding = undefined; lastKnownFileType = unknown; explicitFileType = undefined; includeInIndex = 0; };
		0EB8EA7798404D25A31A34ED /* Poppins-SemiBoldItalic.otf */ = {isa = PBXFileReference; name = "Poppins-SemiBoldItalic.otf"; path = "../assets/fonts/Poppins-SemiBoldItalic.otf"; sourceTree = "<group>"; fileEncoding = undefined; lastKnownFileType = unknown; explicitFileType = undefined; includeInIndex = 0; };
		5036BAE2DD284499AC445E05 /* Poppins-Thin.otf */ = {isa = PBXFileReference; name = "Poppins-Thin.otf"; path = "../assets/fonts/Poppins-Thin.otf"; sourceTree = "<group>"; fileEncoding = undefined; lastKnownFileType = unknown; explicitFileType = undefined; includeInIndex = 0; };
		AC218461F02747388E96B4DB /* Poppins-ThinItalic.otf */ = {isa = PBXFileReference; name = "Poppins-ThinItalic.otf"; path = "../assets/fonts/Poppins-ThinItalic.otf"; sourceTree = "<group>"; fileEncoding = undefined; lastKnownFileType = unknown; explicitFileType = undefined; includeInIndex = 0; };
/* End PBXFileReference section */

/* Begin PBXFrameworksBuildPhase section */
		00E356EB1AD99517003FC87E /* Frameworks */ = {
			isa = PBXFrameworksBuildPhase;
			buildActionMask = 2147483647;
			files = (
			);
			runOnlyForDeploymentPostprocessing = 0;
		};
		13B07F8C1A680F5B00A75B9A /* Frameworks */ = {
			isa = PBXFrameworksBuildPhase;
			buildActionMask = 2147483647;
			files = (
			);
			runOnlyForDeploymentPostprocessing = 0;
		};
/* End PBXFrameworksBuildPhase section */

/* Begin PBXGroup section */
		00E356EF1AD99517003FC87E /* ProyectoIOTTests */ = {
			isa = PBXGroup;
			children = (
				00E356F21AD99517003FC87E /* ProyectoIOTTests.m */,
				00E356F01AD99517003FC87E /* Supporting Files */,
			);
			path = ProyectoIOTTests;
			sourceTree = "<group>";
		};
		00E356F01AD99517003FC87E /* Supporting Files */ = {
			isa = PBXGroup;
			children = (
				00E356F11AD99517003FC87E /* Info.plist */,
			);
			name = "Supporting Files";
			sourceTree = "<group>";
		};
		13B07FAE1A68108700A75B9A /* ProyectoIOT */ = {
			isa = PBXGroup;
			children = (
				13B07FAF1A68108700A75B9A /* AppDelegate.h */,
				13B07FB01A68108700A75B9A /* AppDelegate.m */,
				13B07FB51A68108700A75B9A /* Images.xcassets */,
				13B07FB61A68108700A75B9A /* Info.plist */,
				81AB9BB72411601600AC10FF /* LaunchScreen.storyboard */,
				13B07FB71A68108700A75B9A /* main.m */,
			);
			name = ProyectoIOT;
			sourceTree = "<group>";
		};
		2D16E6871FA4F8E400B85C8A /* Frameworks */ = {
			isa = PBXGroup;
			children = (
				ED297162215061F000B7C4FE /* JavaScriptCore.framework */,
			);
			name = Frameworks;
			sourceTree = "<group>";
		};
		832341AE1AAA6A7D00B99B32 /* Libraries */ = {
			isa = PBXGroup;
			children = (
			);
			name = Libraries;
			sourceTree = "<group>";
		};
		83CBB9F61A601CBA00E9B192 = {
			isa = PBXGroup;
			children = (
				13B07FAE1A68108700A75B9A /* ProyectoIOT */,
				832341AE1AAA6A7D00B99B32 /* Libraries */,
				00E356EF1AD99517003FC87E /* ProyectoIOTTests */,
				83CBBA001A601CBA00E9B192 /* Products */,
				2D16E6871FA4F8E400B85C8A /* Frameworks */,
				E9003317E9A549C19CDCE712 /* Resources */,
			);
			indentWidth = 2;
			sourceTree = "<group>";
			tabWidth = 2;
			usesTabs = 0;
		};
		83CBBA001A601CBA00E9B192 /* Products */ = {
			isa = PBXGroup;
			children = (
				13B07F961A680F5B00A75B9A /* ProyectoIOT.app */,
				00E356EE1AD99517003FC87E /* ProyectoIOTTests.xctest */,
			);
			name = Products;
			sourceTree = "<group>";
		};
		E9003317E9A549C19CDCE712 /* Resources */ = {
			isa = "PBXGroup";
			children = (
				F34673F894F44B0782F4582D /* AntDesign.ttf */,
				0634688CD7754431B1990CD7 /* Entypo.ttf */,
				6F1461E1749D4E9EB6AD6CA7 /* EvilIcons.ttf */,
				3C341AEE49A14ED4AF0D0134 /* Feather.ttf */,
				F80708A3D8C5420E81FDF7D8 /* FontAwesome.ttf */,
				4FA54AF894EB43068AEA8377 /* FontAwesome5_Brands.ttf */,
				4DBF1DC7BFAA46C29F6282F3 /* FontAwesome5_Regular.ttf */,
				5D90A7D784304C159F62AEA6 /* FontAwesome5_Solid.ttf */,
				1E7201FF4803484889948CF4 /* Fontisto.ttf */,
				9E60AF2D0EA64FDC9764B565 /* Foundation.ttf */,
				D944623449C14C329240FD1C /* Ionicons.ttf */,
				D958DDF3F15D4E55BC13964C /* MaterialCommunityIcons.ttf */,
				398BA7A365294FF1884F677D /* MaterialIcons.ttf */,
				EA95E2FF419742DE9ABE65DE /* Octicons.ttf */,
				9FFF520ED20E4FD3B784EDE4 /* SimpleLineIcons.ttf */,
				7E6EC96605B34D708F6C2BB7 /* Zocial.ttf */,
				BD6829A542134FB5A53A95BB /* Metropolis-Black.otf */,
				DAEB323A388B4F5DADA5C5E1 /* Metropolis-BlackItalic.otf */,
				FBD789DEB0D54827A42864DB /* Metropolis-Bold.otf */,
				03BE08F4D5E449999523EF1F /* Metropolis-BoldItalic.otf */,
				9690094C08CB477B8636202A /* Metropolis-ExtraBold.otf */,
				7C90C55B242948C5B4EBF9E0 /* Metropolis-ExtraBoldItalic.otf */,
				20EE37CC4039430CB63A983A /* Metropolis-ExtraLight.otf */,
				0E5878422BF549D2890391CB /* Metropolis-ExtraLightItalic.otf */,
				FFDDB40AB4A34FCD934EBA21 /* Metropolis-Light.otf */,
				7C593963BE8F47438850FE9F /* Metropolis-LightItalic.otf */,
				A0721FFA53BC4F4EA5BE2C13 /* Metropolis-Medium.otf */,
				ABD977B53E23425894773CDE /* Metropolis-MediumItalic.otf */,
				855364B18FB74089907362F7 /* Metropolis-Regular.otf */,
				C73490EC16F547F48A9D7EE8 /* Metropolis-RegularItalic.otf */,
				B92E5E092CDE461BA2124AF8 /* Metropolis-SemiBold.otf */,
				512E545086364A0DBC574C7D /* Metropolis-SemiBoldItalic.otf */,
				15BF4F539D814972AD5E9B30 /* Metropolis-Thin.otf */,
				B14331C6537D4421A41D1A1C /* Metropolis-ThinItalic.otf */,
				4EB6DF8FAD3B429D8B34E6D5 /* Poppins-Black.otf */,
				25FF6E43B14245409AF0E7D1 /* Poppins-BlackItalic.otf */,
				6FD6F41FA76B4EAEB237C5A3 /* Poppins-Bold.otf */,
				0F740672AC7A4C95AC905324 /* Poppins-BoldItalic.otf */,
				EA315EF62AAA41ABA86712F5 /* Poppins-ExtraBold.otf */,
				3DC71245C36E4953A7CA787B /* Poppins-ExtraBoldItalic.otf */,
				CBDC6A3087444AAA9022D80B /* Poppins-ExtraLight.otf */,
				83387DF58D8841FA92ABC1BF /* Poppins-ExtraLightItalic.otf */,
				6111FF2A745D43F188818D7F /* Poppins-Italic.otf */,
				F4B66FBA9E034518AA45F973 /* Poppins-Light.otf */,
				E9BBD1C43AF74451BB55A495 /* Poppins-LightItalic.otf */,
				4644D34D1F694881BBF0D22D /* Poppins-Medium.otf */,
				38F836FBAEC348F48C2D817E /* Poppins-MediumItalic.otf */,
				2994C12CA87A4CA4824767A7 /* Poppins-Regular.otf */,
				5E6CA2140CB2461EA5BB4C0F /* Poppins-Regular2.ttf */,
				8B9CD106C3254C14B7658B16 /* Poppins-SemiBold.otf */,
				0EB8EA7798404D25A31A34ED /* Poppins-SemiBoldItalic.otf */,
				5036BAE2DD284499AC445E05 /* Poppins-Thin.otf */,
				AC218461F02747388E96B4DB /* Poppins-ThinItalic.otf */,
			);
			name = Resources;
			sourceTree = "<group>";
			path = "";
		};
/* End PBXGroup section */

/* Begin PBXNativeTarget section */
		00E356ED1AD99517003FC87E /* ProyectoIOTTests */ = {
			isa = PBXNativeTarget;
			buildConfigurationList = 00E357021AD99517003FC87E /* Build configuration list for PBXNativeTarget "ProyectoIOTTests" */;
			buildPhases = (
				00E356EA1AD99517003FC87E /* Sources */,
				00E356EB1AD99517003FC87E /* Frameworks */,
				00E356EC1AD99517003FC87E /* Resources */,
			);
			buildRules = (
			);
			dependencies = (
				00E356F51AD99517003FC87E /* PBXTargetDependency */,
			);
			name = ProyectoIOTTests;
			productName = ProyectoIOTTests;
			productReference = 00E356EE1AD99517003FC87E /* ProyectoIOTTests.xctest */;
			productType = "com.apple.product-type.bundle.unit-test";
		};
		13B07F861A680F5B00A75B9A /* ProyectoIOT */ = {
			isa = PBXNativeTarget;
			buildConfigurationList = 13B07F931A680F5B00A75B9A /* Build configuration list for PBXNativeTarget "ProyectoIOT" */;
			buildPhases = (
				FD10A7F022414F080027D42C /* Start Packager */,
				13B07F871A680F5B00A75B9A /* Sources */,
				13B07F8C1A680F5B00A75B9A /* Frameworks */,
				13B07F8E1A680F5B00A75B9A /* Resources */,
				00DD1BFF1BD5951E006B06BC /* Bundle React Native code and images */,
			);
			buildRules = (
			);
			dependencies = (
			);
			name = ProyectoIOT;
			productName = ProyectoIOT;
			productReference = 13B07F961A680F5B00A75B9A /* ProyectoIOT.app */;
			productType = "com.apple.product-type.application";
		};
/* End PBXNativeTarget section */

/* Begin PBXProject section */
		83CBB9F71A601CBA00E9B192 /* Project object */ = {
			isa = PBXProject;
			attributes = {
				LastUpgradeCheck = 1210;
				TargetAttributes = {
					00E356ED1AD99517003FC87E = {
						CreatedOnToolsVersion = 6.2;
						TestTargetID = 13B07F861A680F5B00A75B9A;
					};
					13B07F861A680F5B00A75B9A = {
						LastSwiftMigration = 1120;
					};
				};
			};
			buildConfigurationList = 83CBB9FA1A601CBA00E9B192 /* Build configuration list for PBXProject "ProyectoIOT" */;
			compatibilityVersion = "Xcode 12.0";
			developmentRegion = en;
			hasScannedForEncodings = 0;
			knownRegions = (
				en,
				Base,
			);
			mainGroup = 83CBB9F61A601CBA00E9B192;
			productRefGroup = 83CBBA001A601CBA00E9B192 /* Products */;
			projectDirPath = "";
			projectRoot = "";
			targets = (
				13B07F861A680F5B00A75B9A /* ProyectoIOT */,
				00E356ED1AD99517003FC87E /* ProyectoIOTTests */,
			);
		};
/* End PBXProject section */

/* Begin PBXResourcesBuildPhase section */
		00E356EC1AD99517003FC87E /* Resources */ = {
			isa = PBXResourcesBuildPhase;
			buildActionMask = 2147483647;
			files = (
			);
			runOnlyForDeploymentPostprocessing = 0;
		};
		13B07F8E1A680F5B00A75B9A /* Resources */ = {
			isa = PBXResourcesBuildPhase;
			buildActionMask = 2147483647;
			files = (
				81AB9BB82411601600AC10FF /* LaunchScreen.storyboard in Resources */,
				13B07FBF1A68108700A75B9A /* Images.xcassets in Resources */,
				17E22CACA3434B8DBB920514 /* AntDesign.ttf in Resources */,
				CA88D578C0ED4062836A48CA /* Entypo.ttf in Resources */,
				D60AEB1E466D4ACFA1577F82 /* EvilIcons.ttf in Resources */,
				EE998060DF804D1F9EDEDD32 /* Feather.ttf in Resources */,
				5B9AC51B6C9E45E9A680E5D8 /* FontAwesome.ttf in Resources */,
				68E9DF987CFD4BA29976F680 /* FontAwesome5_Brands.ttf in Resources */,
				F5AD1D9DF8E34C3FB2B6F4FC /* FontAwesome5_Regular.ttf in Resources */,
				3466A50FAB3B4EC8B1F6579E /* FontAwesome5_Solid.ttf in Resources */,
				C6B07BCE1E5F40E495FF4668 /* Fontisto.ttf in Resources */,
				359873C8F3814418AFC396A6 /* Foundation.ttf in Resources */,
				8841E1625583497F908C5311 /* Ionicons.ttf in Resources */,
				BFC706DB52914E1596C58858 /* MaterialCommunityIcons.ttf in Resources */,
				D7C042D606384FE6BFB820E1 /* MaterialIcons.ttf in Resources */,
				2CB2F49656364FDE90E95598 /* Octicons.ttf in Resources */,
				4B12146D87D143C795297A10 /* SimpleLineIcons.ttf in Resources */,
				32EDD270175B415298E4C07B /* Zocial.ttf in Resources */,
				D6F468B70EC444058C2DFDC0 /* Metropolis-Black.otf in Resources */,
				89690ABB966A4D2DB41BB1BD /* Metropolis-BlackItalic.otf in Resources */,
				FAAB1BD8771C47C38086CFF0 /* Metropolis-Bold.otf in Resources */,
				0C29543516844CBDB8D53868 /* Metropolis-BoldItalic.otf in Resources */,
				F4C1990D50B54C5CB5AA9925 /* Metropolis-ExtraBold.otf in Resources */,
				242A0F904B25477B8F106A8B /* Metropolis-ExtraBoldItalic.otf in Resources */,
				6031D9C358E1428AADDA6F71 /* Metropolis-ExtraLight.otf in Resources */,
				09077F667EE14053867DAB90 /* Metropolis-ExtraLightItalic.otf in Resources */,
				584DF022FB744D92980009DB /* Metropolis-Light.otf in Resources */,
				5ECB1F80C5E1481E89A3CA99 /* Metropolis-LightItalic.otf in Resources */,
				D07CE5812B124F07ADF7D808 /* Metropolis-Medium.otf in Resources */,
				76642BAA639B448B8BF94CE4 /* Metropolis-MediumItalic.otf in Resources */,
				AB724227C9124E989214D434 /* Metropolis-Regular.otf in Resources */,
				66D26826B7654B009D4BAA18 /* Metropolis-RegularItalic.otf in Resources */,
				BA113C32E6D245359BC5EA0E /* Metropolis-SemiBold.otf in Resources */,
				7A7C6D0EAE9345DEAA1D712C /* Metropolis-SemiBoldItalic.otf in Resources */,
				B4D89F532DE44DDC94DFC417 /* Metropolis-Thin.otf in Resources */,
				84624F6E5ACF4C4B8AD50FE6 /* Metropolis-ThinItalic.otf in Resources */,
				D2542CA780C84B2CB128B58B /* Poppins-Black.otf in Resources */,
				FA2905F684D24B598C5A4363 /* Poppins-BlackItalic.otf in Resources */,
				269FDB82EA724C0087859BAE /* Poppins-Bold.otf in Resources */,
				1BC93C30B72A439B84346322 /* Poppins-BoldItalic.otf in Resources */,
				A625393899294F1BBBE67FD4 /* Poppins-ExtraBold.otf in Resources */,
				BBC1BD9CA29C44D2B325154F /* Poppins-ExtraBoldItalic.otf in Resources */,
				46C1742C25334B8FA97F1711 /* Poppins-ExtraLight.otf in Resources */,
				A3E2824A413C4F7D80EA8EAC /* Poppins-ExtraLightItalic.otf in Resources */,
				06851AEF5638439783E052FC /* Poppins-Italic.otf in Resources */,
				4AA960FADAED4636B14899ED /* Poppins-Light.otf in Resources */,
				335C3490901C479E88B3C6F6 /* Poppins-LightItalic.otf in Resources */,
				63C8721FF4474A70A7287AC4 /* Poppins-Medium.otf in Resources */,
				E626CC4BB72D4E08A3C53F6C /* Poppins-MediumItalic.otf in Resources */,
				87EABE24D6A94FDEBA92996C /* Poppins-Regular.otf in Resources */,
				E80F03477D77496EA734E186 /* Poppins-Regular2.ttf in Resources */,
				6BC67F754B994642A9BCAA7E /* Poppins-SemiBold.otf in Resources */,
				2DD861A45B72456BA7F8C069 /* Poppins-SemiBoldItalic.otf in Resources */,
				0F58E0E87F5D4E449A7F76D9 /* Poppins-Thin.otf in Resources */,
				5A133A56E1314374ADAF44A3 /* Poppins-ThinItalic.otf in Resources */,
			);
			runOnlyForDeploymentPostprocessing = 0;
		};
/* End PBXResourcesBuildPhase section */

/* Begin PBXShellScriptBuildPhase section */
		00DD1BFF1BD5951E006B06BC /* Bundle React Native code and images */ = {
			isa = PBXShellScriptBuildPhase;
			buildActionMask = 2147483647;
			files = (
			);
			inputPaths = (
			);
			name = "Bundle React Native code and images";
			outputPaths = (
			);
			runOnlyForDeploymentPostprocessing = 0;
			shellPath = /bin/sh;
			shellScript = "set -e\n\nexport NODE_BINARY=node\n../node_modules/react-native/scripts/react-native-xcode.sh\n";
		};
		FD10A7F022414F080027D42C /* Start Packager */ = {
			isa = PBXShellScriptBuildPhase;
			buildActionMask = 2147483647;
			files = (
			);
			inputFileListPaths = (
			);
			inputPaths = (
			);
			name = "Start Packager";
			outputFileListPaths = (
			);
			outputPaths = (
			);
			runOnlyForDeploymentPostprocessing = 0;
			shellPath = /bin/sh;
			shellScript = "export RCT_METRO_PORT=\"${RCT_METRO_PORT:=8081}\"\necho \"export RCT_METRO_PORT=${RCT_METRO_PORT}\" > \"${SRCROOT}/../node_modules/react-native/scripts/.packager.env\"\nif [ -z \"${RCT_NO_LAUNCH_PACKAGER+xxx}\" ] ; then\n  if nc -w 5 -z localhost ${RCT_METRO_PORT} ; then\n    if ! curl -s \"http://localhost:${RCT_METRO_PORT}/status\" | grep -q \"packager-status:running\" ; then\n      echo \"Port ${RCT_METRO_PORT} already in use, packager is either not running or not running correctly\"\n      exit 2\n    fi\n  else\n    open \"$SRCROOT/../node_modules/react-native/scripts/launchPackager.command\" || echo \"Can't start packager automatically\"\n  fi\nfi\n";
			showEnvVarsInLog = 0;
		};
/* End PBXShellScriptBuildPhase section */

/* Begin PBXSourcesBuildPhase section */
		00E356EA1AD99517003FC87E /* Sources */ = {
			isa = PBXSourcesBuildPhase;
			buildActionMask = 2147483647;
			files = (
				00E356F31AD99517003FC87E /* ProyectoIOTTests.m in Sources */,
			);
			runOnlyForDeploymentPostprocessing = 0;
		};
		13B07F871A680F5B00A75B9A /* Sources */ = {
			isa = PBXSourcesBuildPhase;
			buildActionMask = 2147483647;
			files = (
				13B07FBC1A68108700A75B9A /* AppDelegate.m in Sources */,
				13B07FC11A68108700A75B9A /* main.m in Sources */,
			);
			runOnlyForDeploymentPostprocessing = 0;
		};
/* End PBXSourcesBuildPhase section */

/* Begin PBXTargetDependency section */
		00E356F51AD99517003FC87E /* PBXTargetDependency */ = {
			isa = PBXTargetDependency;
			target = 13B07F861A680F5B00A75B9A /* ProyectoIOT */;
			targetProxy = 00E356F41AD99517003FC87E /* PBXContainerItemProxy */;
		};
/* End PBXTargetDependency section */

/* Begin XCBuildConfiguration section */
		00E356F61AD99517003FC87E /* Debug */ = {
			isa = XCBuildConfiguration;
			buildSettings = {
				BUNDLE_LOADER = "$(TEST_HOST)";
				GCC_PREPROCESSOR_DEFINITIONS = (
					"DEBUG=1",
					"$(inherited)",
				);
				INFOPLIST_FILE = ProyectoIOTTests/Info.plist;
				IPHONEOS_DEPLOYMENT_TARGET = 10.0;
				LD_RUNPATH_SEARCH_PATHS = (
					"$(inherited)",
					"@executable_path/Frameworks",
					"@loader_path/Frameworks",
				);
				OTHER_LDFLAGS = (
					"-ObjC",
					"-lc++",
					"$(inherited)",
				);
				PRODUCT_BUNDLE_IDENTIFIER = "org.reactjs.native.example.$(PRODUCT_NAME:rfc1034identifier)";
				PRODUCT_NAME = "$(TARGET_NAME)";
				TEST_HOST = "$(BUILT_PRODUCTS_DIR)/ProyectoIOT.app/ProyectoIOT";
			};
			name = Debug;
		};
		00E356F71AD99517003FC87E /* Release */ = {
			isa = XCBuildConfiguration;
			buildSettings = {
				BUNDLE_LOADER = "$(TEST_HOST)";
				COPY_PHASE_STRIP = NO;
				INFOPLIST_FILE = ProyectoIOTTests/Info.plist;
				IPHONEOS_DEPLOYMENT_TARGET = 10.0;
				LD_RUNPATH_SEARCH_PATHS = (
					"$(inherited)",
					"@executable_path/Frameworks",
					"@loader_path/Frameworks",
				);
				OTHER_LDFLAGS = (
					"-ObjC",
					"-lc++",
					"$(inherited)",
				);
				PRODUCT_BUNDLE_IDENTIFIER = "org.reactjs.native.example.$(PRODUCT_NAME:rfc1034identifier)";
				PRODUCT_NAME = "$(TARGET_NAME)";
				TEST_HOST = "$(BUILT_PRODUCTS_DIR)/ProyectoIOT.app/ProyectoIOT";
			};
			name = Release;
		};
		13B07F941A680F5B00A75B9A /* Debug */ = {
			isa = XCBuildConfiguration;
			buildSettings = {
				ASSETCATALOG_COMPILER_APPICON_NAME = AppIcon;
				CLANG_ENABLE_MODULES = YES;
				CURRENT_PROJECT_VERSION = 1;
				ENABLE_BITCODE = NO;
				INFOPLIST_FILE = ProyectoIOT/Info.plist;
				LD_RUNPATH_SEARCH_PATHS = (
					"$(inherited)",
					"@executable_path/Frameworks",
				);
				OTHER_LDFLAGS = (
					"$(inherited)",
					"-ObjC",
					"-lc++",
				);
				PRODUCT_BUNDLE_IDENTIFIER = "org.reactjs.native.example.$(PRODUCT_NAME:rfc1034identifier)";
				PRODUCT_NAME = ProyectoIOT;
				SWIFT_OPTIMIZATION_LEVEL = "-Onone";
				SWIFT_VERSION = 5.0;
				VERSIONING_SYSTEM = "apple-generic";
			};
			name = Debug;
		};
		13B07F951A680F5B00A75B9A /* Release */ = {
			isa = XCBuildConfiguration;
			buildSettings = {
				ASSETCATALOG_COMPILER_APPICON_NAME = AppIcon;
				CLANG_ENABLE_MODULES = YES;
				CURRENT_PROJECT_VERSION = 1;
				INFOPLIST_FILE = ProyectoIOT/Info.plist;
				LD_RUNPATH_SEARCH_PATHS = (
					"$(inherited)",
					"@executable_path/Frameworks",
				);
				OTHER_LDFLAGS = (
					"$(inherited)",
					"-ObjC",
					"-lc++",
				);
				PRODUCT_BUNDLE_IDENTIFIER = "org.reactjs.native.example.$(PRODUCT_NAME:rfc1034identifier)";
				PRODUCT_NAME = ProyectoIOT;
				SWIFT_VERSION = 5.0;
				VERSIONING_SYSTEM = "apple-generic";
			};
			name = Release;
		};
		83CBBA201A601CBA00E9B192 /* Debug */ = {
			isa = XCBuildConfiguration;
			buildSettings = {
				ALWAYS_SEARCH_USER_PATHS = NO;
				CLANG_ANALYZER_LOCALIZABILITY_NONLOCALIZED = YES;
				CLANG_CXX_LANGUAGE_STANDARD = "gnu++0x";
				CLANG_CXX_LIBRARY = "libc++";
				CLANG_ENABLE_MODULES = YES;
				CLANG_ENABLE_OBJC_ARC = YES;
				CLANG_WARN_BLOCK_CAPTURE_AUTORELEASING = YES;
				CLANG_WARN_BOOL_CONVERSION = YES;
				CLANG_WARN_COMMA = YES;
				CLANG_WARN_CONSTANT_CONVERSION = YES;
				CLANG_WARN_DEPRECATED_OBJC_IMPLEMENTATIONS = YES;
				CLANG_WARN_DIRECT_OBJC_ISA_USAGE = YES_ERROR;
				CLANG_WARN_EMPTY_BODY = YES;
				CLANG_WARN_ENUM_CONVERSION = YES;
				CLANG_WARN_INFINITE_RECURSION = YES;
				CLANG_WARN_INT_CONVERSION = YES;
				CLANG_WARN_NON_LITERAL_NULL_CONVERSION = YES;
				CLANG_WARN_OBJC_IMPLICIT_RETAIN_SELF = YES;
				CLANG_WARN_OBJC_LITERAL_CONVERSION = YES;
				CLANG_WARN_OBJC_ROOT_CLASS = YES_ERROR;
				CLANG_WARN_QUOTED_INCLUDE_IN_FRAMEWORK_HEADER = YES;
				CLANG_WARN_RANGE_LOOP_ANALYSIS = YES;
				CLANG_WARN_STRICT_PROTOTYPES = YES;
				CLANG_WARN_SUSPICIOUS_MOVE = YES;
				CLANG_WARN_UNREACHABLE_CODE = YES;
				CLANG_WARN__DUPLICATE_METHOD_MATCH = YES;
				"CODE_SIGN_IDENTITY[sdk=iphoneos*]" = "iPhone Developer";
				COPY_PHASE_STRIP = NO;
				ENABLE_STRICT_OBJC_MSGSEND = YES;
				ENABLE_TESTABILITY = YES;
				GCC_C_LANGUAGE_STANDARD = gnu99;
				GCC_DYNAMIC_NO_PIC = NO;
				GCC_NO_COMMON_BLOCKS = YES;
				GCC_OPTIMIZATION_LEVEL = 0;
				GCC_PREPROCESSOR_DEFINITIONS = (
					"DEBUG=1",
					"$(inherited)",
				);
				GCC_SYMBOLS_PRIVATE_EXTERN = NO;
				GCC_WARN_64_TO_32_BIT_CONVERSION = YES;
				GCC_WARN_ABOUT_RETURN_TYPE = YES_ERROR;
				GCC_WARN_UNDECLARED_SELECTOR = YES;
				GCC_WARN_UNINITIALIZED_AUTOS = YES_AGGRESSIVE;
				GCC_WARN_UNUSED_FUNCTION = YES;
				GCC_WARN_UNUSED_VARIABLE = YES;
				IPHONEOS_DEPLOYMENT_TARGET = 10.0;
				LD_RUNPATH_SEARCH_PATHS = (
					/usr/lib/swift,
					"$(inherited)",
				);
				LIBRARY_SEARCH_PATHS = (
					"\"$(TOOLCHAIN_DIR)/usr/lib/swift/$(PLATFORM_NAME)\"",
					"\"$(TOOLCHAIN_DIR)/usr/lib/swift-5.0/$(PLATFORM_NAME)\"",
					"\"$(inherited)\"",
				);
				MTL_ENABLE_DEBUG_INFO = YES;
				ONLY_ACTIVE_ARCH = YES;
				SDKROOT = iphoneos;
			};
			name = Debug;
		};
		83CBBA211A601CBA00E9B192 /* Release */ = {
			isa = XCBuildConfiguration;
			buildSettings = {
				ALWAYS_SEARCH_USER_PATHS = NO;
				CLANG_ANALYZER_LOCALIZABILITY_NONLOCALIZED = YES;
				CLANG_CXX_LANGUAGE_STANDARD = "gnu++0x";
				CLANG_CXX_LIBRARY = "libc++";
				CLANG_ENABLE_MODULES = YES;
				CLANG_ENABLE_OBJC_ARC = YES;
				CLANG_WARN_BLOCK_CAPTURE_AUTORELEASING = YES;
				CLANG_WARN_BOOL_CONVERSION = YES;
				CLANG_WARN_COMMA = YES;
				CLANG_WARN_CONSTANT_CONVERSION = YES;
				CLANG_WARN_DEPRECATED_OBJC_IMPLEMENTATIONS = YES;
				CLANG_WARN_DIRECT_OBJC_ISA_USAGE = YES_ERROR;
				CLANG_WARN_EMPTY_BODY = YES;
				CLANG_WARN_ENUM_CONVERSION = YES;
				CLANG_WARN_INFINITE_RECURSION = YES;
				CLANG_WARN_INT_CONVERSION = YES;
				CLANG_WARN_NON_LITERAL_NULL_CONVERSION = YES;
				CLANG_WARN_OBJC_IMPLICIT_RETAIN_SELF = YES;
				CLANG_WARN_OBJC_LITERAL_CONVERSION = YES;
				CLANG_WARN_OBJC_ROOT_CLASS = YES_ERROR;
				CLANG_WARN_QUOTED_INCLUDE_IN_FRAMEWORK_HEADER = YES;
				CLANG_WARN_RANGE_LOOP_ANALYSIS = YES;
				CLANG_WARN_STRICT_PROTOTYPES = YES;
				CLANG_WARN_SUSPICIOUS_MOVE = YES;
				CLANG_WARN_UNREACHABLE_CODE = YES;
				CLANG_WARN__DUPLICATE_METHOD_MATCH = YES;
				"CODE_SIGN_IDENTITY[sdk=iphoneos*]" = "iPhone Developer";
				COPY_PHASE_STRIP = YES;
				ENABLE_NS_ASSERTIONS = NO;
				ENABLE_STRICT_OBJC_MSGSEND = YES;
				GCC_C_LANGUAGE_STANDARD = gnu99;
				GCC_NO_COMMON_BLOCKS = YES;
				GCC_WARN_64_TO_32_BIT_CONVERSION = YES;
				GCC_WARN_ABOUT_RETURN_TYPE = YES_ERROR;
				GCC_WARN_UNDECLARED_SELECTOR = YES;
				GCC_WARN_UNINITIALIZED_AUTOS = YES_AGGRESSIVE;
				GCC_WARN_UNUSED_FUNCTION = YES;
				GCC_WARN_UNUSED_VARIABLE = YES;
				IPHONEOS_DEPLOYMENT_TARGET = 10.0;
				LD_RUNPATH_SEARCH_PATHS = (
					/usr/lib/swift,
					"$(inherited)",
				);
				LIBRARY_SEARCH_PATHS = (
					"\"$(TOOLCHAIN_DIR)/usr/lib/swift/$(PLATFORM_NAME)\"",
					"\"$(TOOLCHAIN_DIR)/usr/lib/swift-5.0/$(PLATFORM_NAME)\"",
					"\"$(inherited)\"",
				);
				MTL_ENABLE_DEBUG_INFO = NO;
				SDKROOT = iphoneos;
				VALIDATE_PRODUCT = YES;
			};
			name = Release;
		};
/* End XCBuildConfiguration section */

/* Begin XCConfigurationList section */
		00E357021AD99517003FC87E /* Build configuration list for PBXNativeTarget "ProyectoIOTTests" */ = {
			isa = XCConfigurationList;
			buildConfigurations = (
				00E356F61AD99517003FC87E /* Debug */,
				00E356F71AD99517003FC87E /* Release */,
			);
			defaultConfigurationIsVisible = 0;
			defaultConfigurationName = Release;
		};
		13B07F931A680F5B00A75B9A /* Build configuration list for PBXNativeTarget "ProyectoIOT" */ = {
			isa = XCConfigurationList;
			buildConfigurations = (
				13B07F941A680F5B00A75B9A /* Debug */,
				13B07F951A680F5B00A75B9A /* Release */,
			);
			defaultConfigurationIsVisible = 0;
			defaultConfigurationName = Release;
		};
		83CBB9FA1A601CBA00E9B192 /* Build configuration list for PBXProject "ProyectoIOT" */ = {
			isa = XCConfigurationList;
			buildConfigurations = (
				83CBBA201A601CBA00E9B192 /* Debug */,
				83CBBA211A601CBA00E9B192 /* Release */,
			);
			defaultConfigurationIsVisible = 0;
			defaultConfigurationName = Release;
		};
/* End XCConfigurationList section */
	};
	rootObject = 83CBB9F71A601CBA00E9B192 /* Project object */;
}
